{
  "version": 4,
  "terraform_version": "1.7.5",
  "serial": 9,
  "lineage": "ea1b1fbb-e4e6-8f1b-fd32-1d1076444b85",
  "outputs": {},
  "resources": [
    {
      "mode": "data",
      "type": "local_file",
      "name": "logging_policy",
      "provider": "provider[\"registry.terraform.io/hashicorp/local\"]",
      "instances": [
        {
          "schema_version": 0,
          "attributes": {
            "content": "{\n  \"Version\": \"2012-10-17\",\n  \"Statement\": [\n    {\n      \"Effect\": \"Allow\",\n      \"Action\": [\n        \"logs:CreateLogGroup\",\n        \"logs:CreateLogStream\",\n        \"logs:PutLogEvents\"\n      ],\n      \"Resource\": \"arn:aws:logs:*:*:*\"\n    }\n  ]\n}",
            "content_base64": "ewogICJWZXJzaW9uIjogIjIwMTItMTAtMTciLAogICJTdGF0ZW1lbnQiOiBbCiAgICB7CiAgICAgICJFZmZlY3QiOiAiQWxsb3ciLAogICAgICAiQWN0aW9uIjogWwogICAgICAgICJsb2dzOkNyZWF0ZUxvZ0dyb3VwIiwKICAgICAgICAibG9nczpDcmVhdGVMb2dTdHJlYW0iLAogICAgICAgICJsb2dzOlB1dExvZ0V2ZW50cyIKICAgICAgXSwKICAgICAgIlJlc291cmNlIjogImFybjphd3M6bG9nczoqOio6KiIKICAgIH0KICBdCn0=",
            "content_base64sha256": "hj6NmOIuBqS1j8BBaYCw3qFyC9/wCM4peG8J5XplH4Y=",
            "content_base64sha512": "GbLnN5ZHiSIkegeEhwVylZ9Tn+0+AH2N8ITRsWF/dLzlVqgfbDF52+vDNMKIaF1MY0amRZjkjpWcNiGSg4KCcg==",
            "content_md5": "fb98eccfc0da35331eeef8faaff2369f",
            "content_sha1": "f986a758e1eb23a18b1f114a872fd7bebd9e04b3",
            "content_sha256": "863e8d98e22e06a4b58fc0416980b0dea1720bdff008ce29786f09e57a651f86",
            "content_sha512": "19b2e73796478922247a0784870572959f539fed3e007d8df084d1b1617f74bce556a81f6c3179dbebc334c288685d4c6346a64598e48e959c36219283828272",
            "filename": "logging-policy.json",
            "id": "f986a758e1eb23a18b1f114a872fd7bebd9e04b3"
          },
          "sensitive_attributes": []
        }
      ]
    },
    {
      "mode": "data",
      "type": "local_file",
      "name": "trust_policy",
      "provider": "provider[\"registry.terraform.io/hashicorp/local\"]",
      "instances": [
        {
          "schema_version": 0,
          "attributes": {
            "content": "{\n  \"Version\": \"2012-10-17\",\n  \"Statement\": [\n    {\n      \"Effect\": \"Allow\",\n      \"Principal\": {\n        \"Service\": \"lambda.amazonaws.com\"\n      },\n      \"Action\": \"sts:AssumeRole\"\n    }\n  ]\n} ",
            "content_base64": "ewogICJWZXJzaW9uIjogIjIwMTItMTAtMTciLAogICJTdGF0ZW1lbnQiOiBbCiAgICB7CiAgICAgICJFZmZlY3QiOiAiQWxsb3ciLAogICAgICAiUHJpbmNpcGFsIjogewogICAgICAgICJTZXJ2aWNlIjogImxhbWJkYS5hbWF6b25hd3MuY29tIgogICAgICB9LAogICAgICAiQWN0aW9uIjogInN0czpBc3N1bWVSb2xlIgogICAgfQogIF0KfSA=",
            "content_base64sha256": "EfTGzxK4bowsQj2WjSZM+j5/JCDqqHTxN+CTXeTACcM=",
            "content_base64sha512": "CXA3TWTcMLq2u+Yb2vYRuQgS7oDa6TkEVOmyMyDBnWE8um/g7D9z4tWMlaJYbvR+ZMs42LVnqwwJHi9A+bQjBA==",
            "content_md5": "c4229347cc1a5b3c15f5050307f5f2b5",
            "content_sha1": "7beda4710de14786dbc141600087701beb98cb17",
            "content_sha256": "11f4c6cf12b86e8c2c423d968d264cfa3e7f2420eaa874f137e0935de4c009c3",
            "content_sha512": "0970374d64dc30bab6bbe61bdaf611b90812ee80dae9390454e9b23320c19d613cba6fe0ec3f73e2d58c95a2586ef47e64cb38d8b567ab0c091e2f40f9b42304",
            "filename": "trust-policy.json",
            "id": "7beda4710de14786dbc141600087701beb98cb17"
          },
          "sensitive_attributes": []
        }
      ]
    },
    {
      "mode": "managed",
      "type": "aws_iam_policy",
      "name": "lambda_logging",
      "provider": "provider[\"registry.terraform.io/hashicorp/aws\"]",
      "instances": [
        {
          "schema_version": 0,
          "attributes": {
            "arn": "arn:aws:iam::411447780843:policy/lambda-log-writer-kevin_bacon_mmg",
            "description": "",
            "id": "arn:aws:iam::411447780843:policy/lambda-log-writer-kevin_bacon_mmg",
            "name": "lambda-log-writer-kevin_bacon_mmg",
            "name_prefix": null,
            "path": "/",
            "policy": "{\"Statement\":[{\"Action\":[\"logs:CreateLogGroup\",\"logs:CreateLogStream\",\"logs:PutLogEvents\"],\"Effect\":\"Allow\",\"Resource\":\"arn:aws:logs:*:*:*\"}],\"Version\":\"2012-10-17\"}",
            "policy_id": "ANPAV7TBS4XV7355CNJOB",
            "tags": null,
            "tags_all": {}
          },
          "sensitive_attributes": [],
          "private": "bnVsbA==",
          "dependencies": [
            "data.local_file.logging_policy"
          ]
        }
      ]
    },
    {
      "mode": "managed",
      "type": "aws_iam_role",
      "name": "iam_for_lambda",
      "provider": "provider[\"registry.terraform.io/hashicorp/aws\"]",
      "instances": [
        {
          "schema_version": 0,
          "attributes": {
            "arn": "arn:aws:iam::411447780843:role/iam_kevin_bacon_mmg",
            "assume_role_policy": "{\"Statement\":[{\"Action\":\"sts:AssumeRole\",\"Effect\":\"Allow\",\"Principal\":{\"Service\":\"lambda.amazonaws.com\"}}],\"Version\":\"2012-10-17\"}",
            "create_date": "2024-04-08T09:32:47Z",
            "description": "",
            "force_detach_policies": false,
            "id": "iam_kevin_bacon_mmg",
            "inline_policy": [],
            "managed_policy_arns": [],
            "max_session_duration": 3600,
            "name": "iam_kevin_bacon_mmg",
            "name_prefix": "",
            "path": "/",
            "permissions_boundary": null,
            "tags": null,
            "tags_all": {},
            "unique_id": "AROAV7TBS4XVTO62CHUOY"
          },
          "sensitive_attributes": [],
          "private": "bnVsbA==",
          "dependencies": [
            "data.local_file.trust_policy"
          ]
        }
      ]
    },
    {
      "module": "module.mod_lambda",
      "mode": "data",
      "type": "archive_file",
      "name": "lambda_source_package",
      "provider": "provider[\"registry.terraform.io/hashicorp/archive\"]",
      "instances": [
        {
          "schema_version": 0,
          "attributes": {
            "excludes": [
              ".venv"
            ],
            "id": "7d0b0f587b202b6aaf1a2d910d911c0cbfdbc61f",
            "output_base64sha256": "CMvnYxEb3or3hgoBX2XpJMtYdiDD7rM8l3MyY62vhAE=",
            "output_file_mode": null,
            "output_md5": "ed71dad4e419808e47f72732c3f962a1",
            "output_path": ".terraform/modules/mod_lambda/.tmp/500629c1-1cd0-a335-7da3-51ae4aeb01aa.zip",
            "output_sha": "7d0b0f587b202b6aaf1a2d910d911c0cbfdbc61f",
            "output_size": 1748732,
            "source": [],
            "source_content": null,
            "source_content_filename": null,
            "source_dir": "C:/Users/MariaTeresaMcCuskerG/Terraform_Advanced/tf-aws-adv-ex1/src",
            "source_file": null,
            "type": "zip"
          },
          "sensitive_attributes": []
        }
      ]
    },
    {
      "module": "module.mod_lambda",
      "mode": "data",
      "type": "aws_iam_role",
      "name": "iam_for_lambda",
      "provider": "provider[\"registry.terraform.io/hashicorp/aws\"]",
      "instances": [
        {
          "schema_version": 0,
          "attributes": {
            "arn": "arn:aws:iam::411447780843:role/iam_kevin_bacon_mmg",
            "assume_role_policy": "{\"Version\":\"2012-10-17\",\"Statement\":[{\"Effect\":\"Allow\",\"Principal\":{\"Service\":\"lambda.amazonaws.com\"},\"Action\":\"sts:AssumeRole\"}]}",
            "create_date": "2024-04-08T09:32:47Z",
            "description": "",
            "id": "iam_kevin_bacon_mmg",
            "max_session_duration": 3600,
            "name": "iam_kevin_bacon_mmg",
            "path": "/",
            "permissions_boundary": "",
            "tags": {},
            "unique_id": "AROAV7TBS4XVTO62CHUOY"
          },
          "sensitive_attributes": []
        }
      ]
    },
    {
      "module": "module.mod_lambda",
      "mode": "managed",
      "type": "aws_iam_role_policy_attachment",
      "name": "policies",
      "provider": "provider[\"registry.terraform.io/hashicorp/aws\"]",
      "instances": [
        {
          "index_key": 0,
          "schema_version": 0,
          "attributes": {
            "id": "iam_kevin_bacon_mmg-20240408093248247200000001",
            "policy_arn": "arn:aws:iam::411447780843:policy/lambda-log-writer-kevin_bacon_mmg",
            "role": "iam_kevin_bacon_mmg"
          },
          "sensitive_attributes": [],
          "private": "bnVsbA==",
          "dependencies": [
            "aws_iam_policy.lambda_logging",
            "aws_iam_role.iam_for_lambda",
            "data.local_file.logging_policy",
            "data.local_file.trust_policy"
          ]
        }
      ]
    },
    {
      "module": "module.mod_lambda",
      "mode": "managed",
      "type": "null_resource",
      "name": "install_dependencies",
      "provider": "provider[\"registry.terraform.io/hashicorp/null\"]",
      "instances": [
        {
          "schema_version": 0,
          "attributes": {
            "id": "7902720494525521112",
            "triggers": {
              "description": "demo2",
              "source_code_hash": "500629c1-1cd0-a335-7da3-51ae4aeb01aa"
            }
          },
          "sensitive_attributes": [],
          "dependencies": [
            "aws_iam_policy.lambda_logging",
            "aws_iam_role.iam_for_lambda",
            "data.local_file.logging_policy",
            "data.local_file.trust_policy",
            "module.mod_lambda.random_uuid.lambda_src_hash"
          ]
        }
      ]
    },
    {
      "module": "module.mod_lambda",
      "mode": "managed",
      "type": "random_uuid",
      "name": "lambda_src_hash",
      "provider": "provider[\"registry.terraform.io/hashicorp/random\"]",
      "instances": [
        {
          "schema_version": 0,
          "attributes": {
            "id": "500629c1-1cd0-a335-7da3-51ae4aeb01aa",
            "keepers": {
              "kb.py": "643ccf926b998c417164eb7a736f9418",
              "kevin_bacon_ble00.py": "22ad20c0359d729f7c1dd94a001d64ac",
              "kevin_bacon_mmg.py": "22ad20c0359d729f7c1dd94a001d64ac",
              "requirements.txt": "e2e74e24053ce8cec04d2d37bf41ed10"
            },
            "result": "500629c1-1cd0-a335-7da3-51ae4aeb01aa"
          },
          "sensitive_attributes": [],
          "dependencies": [
            "aws_iam_policy.lambda_logging",
            "aws_iam_role.iam_for_lambda",
            "data.local_file.logging_policy",
            "data.local_file.trust_policy"
          ]
        }
      ]
    }
  ],
  "check_results": null
}
